
Microsoft Visual Studio Solution File, Format Version 12.00
# Visual Studio Version 17
VisualStudioVersion = 17.9.34607.119
MinimumVisualStudioVersion = 10.0.40219.1
Project("{FAE04EC0-301F-11D3-BF4B-00C04F79EFBC}") = "backend", "backend.csproj", "{06D1997E-1D5C-41F7-9551-5D6AE5E99E16}"
EndProject
Global
	GlobalSection(SolutionConfigurationPlatforms) = preSolution
		Debug|Any CPU = Debug|Any CPU
		Release|Any CPU = Release|Any CPU
	EndGlobalSection
	GlobalSection(ProjectConfigurationPlatforms) = postSolution
		{06D1997E-1D5C-41F7-9551-5D6AE5E99E16}.Debug|Any CPU.ActiveCfg = Debug|Any CPU
		{06D1997E-1D5C-41F7-9551-5D6AE5E99E16}.Debug|Any CPU.Build.0 = Debug|Any CPU
		{06D1997E-1D5C-41F7-9551-5D6AE5E99E16}.Release|Any CPU.ActiveCfg = Release|Any CPU
		{06D1997E-1D5C-41F7-9551-5D6AE5E99E16}.Release|Any CPU.Build.0 = Release|Any CPU
	EndGlobalSection
	GlobalSection(SolutionProperties) = preSolution
		HideSolutionNode = FALSE
	EndGlobalSection
	GlobalSection(ExtensibilityGlobals) = postSolution
		SolutionGuid = {30C1481F-227D-4243-9A0D-3D1D535FAC0F}
	EndGlobalSection
EndGlobal
